
Microsoft Visual Studio Solution File, Format Version 12.00
Project("{FAE04EC0-301F-11D3-BF4B-00C04F79EFBC}") = "TinyWebHook", "TinyWebHook.csproj", "{8CCA4341-AD69-494E-AC99-646C86848F9B}"
EndProject
Project("{2150E333-8FDC-42A3-9474-1A3956D46DE8}") = "_Info", "_Info", "{C4F85017-50FF-45A1-BB16-C5BE891429C3}"
	ProjectSection(SolutionItems) = preProject
		..\.gitignore = ..\.gitignore
		..\LICENSE = ..\LICENSE
		..\README.md = ..\README.md
	EndProjectSection
EndProject
Global
	GlobalSection(SolutionConfigurationPlatforms) = preSolution
		Debug|Any CPU = Debug|Any CPU
		Release|Any CPU = Release|Any CPU
	EndGlobalSection
	GlobalSection(ProjectConfigurationPlatforms) = postSolution
		{8CCA4341-AD69-494E-AC99-646C86848F9B}.Debug|Any CPU.ActiveCfg = Debug|Any CPU
		{8CCA4341-AD69-494E-AC99-646C86848F9B}.Debug|Any CPU.Build.0 = Debug|Any CPU
		{8CCA4341-AD69-494E-AC99-646C86848F9B}.Release|Any CPU.ActiveCfg = Release|Any CPU
		{8CCA4341-AD69-494E-AC99-646C86848F9B}.Release|Any CPU.Build.0 = Release|Any CPU
	EndGlobalSection
EndGlobal
